
Microsoft Visual Studio Solution File, Format Version 12.00
# Visual Studio Version 17
VisualStudioVersion = 17.0.31903.59
MinimumVisualStudioVersion = 10.0.40219.1
Project("{2150E333-8FDC-42A3-9474-1A3956D46DE8}") = "Backend", "Backend", "{1AE8ACA6-933B-BF2A-3671-3E2EAC007D16}"
EndProject
Project("{2150E333-8FDC-42A3-9474-1A3956D46DE8}") = "UI", "UI", "{FA674B5A-3394-926C-2B1E-70E5B00E4A5C}"
EndProject
Project("{2150E333-8FDC-42A3-9474-1A3956D46DE8}") = "UnitTest", "UnitTest", "{48F45164-4FC6-2D6D-9FD6-B37E6140D6A8}"
EndProject
Project("{FAE04EC0-301F-11D3-BF4B-00C04F79EFBC}") = "ePizza.UI", "UI\ePizza.UI\ePizza.UI.csproj", "{9501F304-A3A6-4CAD-A8F7-4A2AABD7FCEF}"
EndProject
Project("{2150E333-8FDC-42A3-9474-1A3956D46DE8}") = "API", "API", "{5B3AD095-A110-407F-86A7-507AA80FB922}"
EndProject
Project("{FAE04EC0-301F-11D3-BF4B-00C04F79EFBC}") = "ePizza.API", "Backend\API\ePizza.UI\ePizza.API.csproj", "{D3B9C5B1-037A-485F-861C-7343414DDA84}"
EndProject
Project("{2150E333-8FDC-42A3-9474-1A3956D46DE8}") = "Application", "Application", "{B4B2627E-61BF-4BDE-96F8-5A596E55E3C5}"
EndProject
Project("{FAE04EC0-301F-11D3-BF4B-00C04F79EFBC}") = "ePizza.Application", "Backend\Application\ePizza.Application\ePizza.Application.csproj", "{19E5EB4E-885A-440D-B565-EA141246A944}"
EndProject
Project("{2150E333-8FDC-42A3-9474-1A3956D46DE8}") = "Infrastructure", "Infrastructure", "{F8809714-C58A-46F8-9915-E117D6660170}"
EndProject
Project("{FAE04EC0-301F-11D3-BF4B-00C04F79EFBC}") = "ePizza.Infrastructure", "Backend\Infrastructure\ePizza.Infrastructure\ePizza.Infrastructure.csproj", "{BCB06EF2-96A8-4BC9-9D5D-FE459F818273}"
EndProject
Project("{2150E333-8FDC-42A3-9474-1A3956D46DE8}") = "Domain", "Domain", "{BB30894C-1082-4538-AF8F-55A450BE03BF}"
EndProject
Project("{FAE04EC0-301F-11D3-BF4B-00C04F79EFBC}") = "ePizza.Domain", "Backend\Domain\ePizza.Domain\ePizza.Domain.csproj", "{64AD7F4D-6ABB-4AC1-AF3C-8A48FB3EF35E}"
EndProject
Global
	GlobalSection(SolutionConfigurationPlatforms) = preSolution
		Debug|Any CPU = Debug|Any CPU
		Release|Any CPU = Release|Any CPU
	EndGlobalSection
	GlobalSection(ProjectConfigurationPlatforms) = postSolution
		{9501F304-A3A6-4CAD-A8F7-4A2AABD7FCEF}.Debug|Any CPU.ActiveCfg = Debug|Any CPU
		{9501F304-A3A6-4CAD-A8F7-4A2AABD7FCEF}.Debug|Any CPU.Build.0 = Debug|Any CPU
		{9501F304-A3A6-4CAD-A8F7-4A2AABD7FCEF}.Release|Any CPU.ActiveCfg = Release|Any CPU
		{9501F304-A3A6-4CAD-A8F7-4A2AABD7FCEF}.Release|Any CPU.Build.0 = Release|Any CPU
		{D3B9C5B1-037A-485F-861C-7343414DDA84}.Debug|Any CPU.ActiveCfg = Debug|Any CPU
		{D3B9C5B1-037A-485F-861C-7343414DDA84}.Debug|Any CPU.Build.0 = Debug|Any CPU
		{D3B9C5B1-037A-485F-861C-7343414DDA84}.Release|Any CPU.ActiveCfg = Release|Any CPU
		{D3B9C5B1-037A-485F-861C-7343414DDA84}.Release|Any CPU.Build.0 = Release|Any CPU
		{19E5EB4E-885A-440D-B565-EA141246A944}.Debug|Any CPU.ActiveCfg = Debug|Any CPU
		{19E5EB4E-885A-440D-B565-EA141246A944}.Debug|Any CPU.Build.0 = Debug|Any CPU
		{19E5EB4E-885A-440D-B565-EA141246A944}.Release|Any CPU.ActiveCfg = Release|Any CPU
		{19E5EB4E-885A-440D-B565-EA141246A944}.Release|Any CPU.Build.0 = Release|Any CPU
		{BCB06EF2-96A8-4BC9-9D5D-FE459F818273}.Debug|Any CPU.ActiveCfg = Debug|Any CPU
		{BCB06EF2-96A8-4BC9-9D5D-FE459F818273}.Debug|Any CPU.Build.0 = Debug|Any CPU
		{BCB06EF2-96A8-4BC9-9D5D-FE459F818273}.Release|Any CPU.ActiveCfg = Release|Any CPU
		{BCB06EF2-96A8-4BC9-9D5D-FE459F818273}.Release|Any CPU.Build.0 = Release|Any CPU
		{64AD7F4D-6ABB-4AC1-AF3C-8A48FB3EF35E}.Debug|Any CPU.ActiveCfg = Debug|Any CPU
		{64AD7F4D-6ABB-4AC1-AF3C-8A48FB3EF35E}.Debug|Any CPU.Build.0 = Debug|Any CPU
		{64AD7F4D-6ABB-4AC1-AF3C-8A48FB3EF35E}.Release|Any CPU.ActiveCfg = Release|Any CPU
		{64AD7F4D-6ABB-4AC1-AF3C-8A48FB3EF35E}.Release|Any CPU.Build.0 = Release|Any CPU
	EndGlobalSection
	GlobalSection(SolutionProperties) = preSolution
		HideSolutionNode = FALSE
	EndGlobalSection
	GlobalSection(NestedProjects) = preSolution
		{9501F304-A3A6-4CAD-A8F7-4A2AABD7FCEF} = {FA674B5A-3394-926C-2B1E-70E5B00E4A5C}
		{5B3AD095-A110-407F-86A7-507AA80FB922} = {1AE8ACA6-933B-BF2A-3671-3E2EAC007D16}
		{D3B9C5B1-037A-485F-861C-7343414DDA84} = {5B3AD095-A110-407F-86A7-507AA80FB922}
		{B4B2627E-61BF-4BDE-96F8-5A596E55E3C5} = {1AE8ACA6-933B-BF2A-3671-3E2EAC007D16}
		{19E5EB4E-885A-440D-B565-EA141246A944} = {B4B2627E-61BF-4BDE-96F8-5A596E55E3C5}
		{F8809714-C58A-46F8-9915-E117D6660170} = {1AE8ACA6-933B-BF2A-3671-3E2EAC007D16}
		{BCB06EF2-96A8-4BC9-9D5D-FE459F818273} = {F8809714-C58A-46F8-9915-E117D6660170}
		{BB30894C-1082-4538-AF8F-55A450BE03BF} = {1AE8ACA6-933B-BF2A-3671-3E2EAC007D16}
		{64AD7F4D-6ABB-4AC1-AF3C-8A48FB3EF35E} = {BB30894C-1082-4538-AF8F-55A450BE03BF}
	EndGlobalSection
EndGlobal
